
Microsoft Visual Studio Solution File, Format Version 12.00
# Visual Studio Version 16
VisualStudioVersion = 16.0.31624.102
MinimumVisualStudioVersion = 10.0.40219.1
Project("{FAE04EC0-301F-11D3-BF4B-00C04F79EFBC}") = "ConsoleApp.AulaPratica2", "ConsoleApp.AulaPratica2\ConsoleApp.AulaPratica2.csproj", "{7F407481-2EED-462C-B2EC-05BBFC4F3045}"
EndProject
Global
	GlobalSection(SolutionConfigurationPlatforms) = preSolution
		Debug|Any CPU = Debug|Any CPU
		Release|Any CPU = Release|Any CPU
	EndGlobalSection
	GlobalSection(ProjectConfigurationPlatforms) = postSolution
		{7F407481-2EED-462C-B2EC-05BBFC4F3045}.Debug|Any CPU.ActiveCfg = Debug|Any CPU
		{7F407481-2EED-462C-B2EC-05BBFC4F3045}.Debug|Any CPU.Build.0 = Debug|Any CPU
		{7F407481-2EED-462C-B2EC-05BBFC4F3045}.Release|Any CPU.ActiveCfg = Release|Any CPU
		{7F407481-2EED-462C-B2EC-05BBFC4F3045}.Release|Any CPU.Build.0 = Release|Any CPU
	EndGlobalSection
	GlobalSection(SolutionProperties) = preSolution
		HideSolutionNode = FALSE
	EndGlobalSection
	GlobalSection(ExtensibilityGlobals) = postSolution
		SolutionGuid = {54D95AF3-DF29-4A2F-942B-608BBD50495D}
	EndGlobalSection
EndGlobal
